
Microsoft Visual Studio Solution File, Format Version 12.00
# Visual Studio 2013
VisualStudioVersion = 12.0.31101.0
MinimumVisualStudioVersion = 10.0.40219.1
Project("{FAE04EC0-301F-11D3-BF4B-00C04F79EFBC}") = "BAPT", "BAPT\BAPT\BAPT.csproj", "{4389B305-B381-4B50-B1A8-BBB5259A0524}"
EndProject
Project("{FAE04EC0-301F-11D3-BF4B-00C04F79EFBC}") = "BAPT.ServiceModel", "BAPT\BAPT.ServiceModel\BAPT.ServiceModel.csproj", "{53E82AC1-DD1D-4C66-B55F-F9F4ACFB2F40}"
EndProject
Project("{FAE04EC0-301F-11D3-BF4B-00C04F79EFBC}") = "BAPT.ServiceInterface", "BAPT\BAPT.ServiceInterface\BAPT.ServiceInterface.csproj", "{801A0F89-D5F6-49A6-BCEA-6624388C98A4}"
EndProject
Project("{FAE04EC0-301F-11D3-BF4B-00C04F79EFBC}") = "BAPT.Tests", "BAPT\BAPT.Tests\BAPT.Tests.csproj", "{D22B5797-9F2A-4BA7-9636-6EFCE62EBE00}"
EndProject
Project("{FAE04EC0-301F-11D3-BF4B-00C04F79EFBC}") = "BAPT.Database", "BAPT\BAPT.Database\BAPT.Database\BAPT.Database.csproj", "{3E28FF36-6CE6-433A-A485-360296BEA39D}"
EndProject
Project("{FAE04EC0-301F-11D3-BF4B-00C04F79EFBC}") = "BAPT.Import", "BAPT\BAPT.Import\BAPT.Import.csproj", "{A86FEC05-4CDE-4A9A-8771-1F0884608E0C}"
EndProject
Global
	GlobalSection(SolutionConfigurationPlatforms) = preSolution
		Debug|Any CPU = Debug|Any CPU
		Debug|x86 = Debug|x86
		Dev2|Any CPU = Dev2|Any CPU
		Dev2|x86 = Dev2|x86
		ITE External|Any CPU = ITE External|Any CPU
		ITE External|x86 = ITE External|x86
		ITE|Any CPU = ITE|Any CPU
		ITE|x86 = ITE|x86
		Release|Any CPU = Release|Any CPU
		Release|x86 = Release|x86
	EndGlobalSection
	GlobalSection(ProjectConfigurationPlatforms) = postSolution
		{4389B305-B381-4B50-B1A8-BBB5259A0524}.Debug|Any CPU.ActiveCfg = Debug|Any CPU
		{4389B305-B381-4B50-B1A8-BBB5259A0524}.Debug|Any CPU.Build.0 = Debug|Any CPU
		{4389B305-B381-4B50-B1A8-BBB5259A0524}.Debug|x86.ActiveCfg = Debug|x86
		{4389B305-B381-4B50-B1A8-BBB5259A0524}.Debug|x86.Build.0 = Debug|x86
		{4389B305-B381-4B50-B1A8-BBB5259A0524}.Dev2|Any CPU.ActiveCfg = Debug|Any CPU
		{4389B305-B381-4B50-B1A8-BBB5259A0524}.Dev2|Any CPU.Build.0 = Debug|Any CPU
		{4389B305-B381-4B50-B1A8-BBB5259A0524}.Dev2|x86.ActiveCfg = Debug|x86
		{4389B305-B381-4B50-B1A8-BBB5259A0524}.Dev2|x86.Build.0 = Debug|x86
		{4389B305-B381-4B50-B1A8-BBB5259A0524}.ITE External|Any CPU.ActiveCfg = ITE External|Any CPU
		{4389B305-B381-4B50-B1A8-BBB5259A0524}.ITE External|Any CPU.Build.0 = ITE External|Any CPU
		{4389B305-B381-4B50-B1A8-BBB5259A0524}.ITE External|x86.ActiveCfg = ITE External|x86
		{4389B305-B381-4B50-B1A8-BBB5259A0524}.ITE External|x86.Build.0 = ITE External|x86
		{4389B305-B381-4B50-B1A8-BBB5259A0524}.ITE|Any CPU.ActiveCfg = ITE|Any CPU
		{4389B305-B381-4B50-B1A8-BBB5259A0524}.ITE|Any CPU.Build.0 = ITE|Any CPU
		{4389B305-B381-4B50-B1A8-BBB5259A0524}.ITE|x86.ActiveCfg = ITE|x86
		{4389B305-B381-4B50-B1A8-BBB5259A0524}.ITE|x86.Build.0 = ITE|x86
		{4389B305-B381-4B50-B1A8-BBB5259A0524}.Release|Any CPU.ActiveCfg = Release|Any CPU
		{4389B305-B381-4B50-B1A8-BBB5259A0524}.Release|Any CPU.Build.0 = Release|Any CPU
		{4389B305-B381-4B50-B1A8-BBB5259A0524}.Release|x86.ActiveCfg = Release|x86
		{4389B305-B381-4B50-B1A8-BBB5259A0524}.Release|x86.Build.0 = Release|x86
		{53E82AC1-DD1D-4C66-B55F-F9F4ACFB2F40}.Debug|Any CPU.ActiveCfg = Debug|Any CPU
		{53E82AC1-DD1D-4C66-B55F-F9F4ACFB2F40}.Debug|Any CPU.Build.0 = Debug|Any CPU
		{53E82AC1-DD1D-4C66-B55F-F9F4ACFB2F40}.Debug|x86.ActiveCfg = Debug|x86
		{53E82AC1-DD1D-4C66-B55F-F9F4ACFB2F40}.Debug|x86.Build.0 = Debug|x86
		{53E82AC1-DD1D-4C66-B55F-F9F4ACFB2F40}.Dev2|Any CPU.ActiveCfg = Debug|Any CPU
		{53E82AC1-DD1D-4C66-B55F-F9F4ACFB2F40}.Dev2|Any CPU.Build.0 = Debug|Any CPU
		{53E82AC1-DD1D-4C66-B55F-F9F4ACFB2F40}.Dev2|x86.ActiveCfg = Debug|x86
		{53E82AC1-DD1D-4C66-B55F-F9F4ACFB2F40}.Dev2|x86.Build.0 = Debug|x86
		{53E82AC1-DD1D-4C66-B55F-F9F4ACFB2F40}.ITE External|Any CPU.ActiveCfg = ITE External|Any CPU
		{53E82AC1-DD1D-4C66-B55F-F9F4ACFB2F40}.ITE External|Any CPU.Build.0 = ITE External|Any CPU
		{53E82AC1-DD1D-4C66-B55F-F9F4ACFB2F40}.ITE External|x86.ActiveCfg = ITE External|x86
		{53E82AC1-DD1D-4C66-B55F-F9F4ACFB2F40}.ITE External|x86.Build.0 = ITE External|x86
		{53E82AC1-DD1D-4C66-B55F-F9F4ACFB2F40}.ITE|Any CPU.ActiveCfg = ITE|Any CPU
		{53E82AC1-DD1D-4C66-B55F-F9F4ACFB2F40}.ITE|Any CPU.Build.0 = ITE|Any CPU
		{53E82AC1-DD1D-4C66-B55F-F9F4ACFB2F40}.ITE|x86.ActiveCfg = ITE|x86
		{53E82AC1-DD1D-4C66-B55F-F9F4ACFB2F40}.ITE|x86.Build.0 = ITE|x86
		{53E82AC1-DD1D-4C66-B55F-F9F4ACFB2F40}.Release|Any CPU.ActiveCfg = Release|Any CPU
		{53E82AC1-DD1D-4C66-B55F-F9F4ACFB2F40}.Release|Any CPU.Build.0 = Release|Any CPU
		{53E82AC1-DD1D-4C66-B55F-F9F4ACFB2F40}.Release|x86.ActiveCfg = Release|x86
		{53E82AC1-DD1D-4C66-B55F-F9F4ACFB2F40}.Release|x86.Build.0 = Release|x86
		{801A0F89-D5F6-49A6-BCEA-6624388C98A4}.Debug|Any CPU.ActiveCfg = Debug|Any CPU
		{801A0F89-D5F6-49A6-BCEA-6624388C98A4}.Debug|Any CPU.Build.0 = Debug|Any CPU
		{801A0F89-D5F6-49A6-BCEA-6624388C98A4}.Debug|x86.ActiveCfg = Debug|x86
		{801A0F89-D5F6-49A6-BCEA-6624388C98A4}.Debug|x86.Build.0 = Debug|x86
		{801A0F89-D5F6-49A6-BCEA-6624388C98A4}.Dev2|Any CPU.ActiveCfg = Debug|Any CPU
		{801A0F89-D5F6-49A6-BCEA-6624388C98A4}.Dev2|Any CPU.Build.0 = Debug|Any CPU
		{801A0F89-D5F6-49A6-BCEA-6624388C98A4}.Dev2|x86.ActiveCfg = Debug|x86
		{801A0F89-D5F6-49A6-BCEA-6624388C98A4}.Dev2|x86.Build.0 = Debug|x86
		{801A0F89-D5F6-49A6-BCEA-6624388C98A4}.ITE External|Any CPU.ActiveCfg = ITE External|Any CPU
		{801A0F89-D5F6-49A6-BCEA-6624388C98A4}.ITE External|Any CPU.Build.0 = ITE External|Any CPU
		{801A0F89-D5F6-49A6-BCEA-6624388C98A4}.ITE External|x86.ActiveCfg = ITE External|x86
		{801A0F89-D5F6-49A6-BCEA-6624388C98A4}.ITE External|x86.Build.0 = ITE External|x86
		{801A0F89-D5F6-49A6-BCEA-6624388C98A4}.ITE|Any CPU.ActiveCfg = ITE|Any CPU
		{801A0F89-D5F6-49A6-BCEA-6624388C98A4}.ITE|Any CPU.Build.0 = ITE|Any CPU
		{801A0F89-D5F6-49A6-BCEA-6624388C98A4}.ITE|x86.ActiveCfg = ITE|x86
		{801A0F89-D5F6-49A6-BCEA-6624388C98A4}.ITE|x86.Build.0 = ITE|x86
		{801A0F89-D5F6-49A6-BCEA-6624388C98A4}.Release|Any CPU.ActiveCfg = Release|Any CPU
		{801A0F89-D5F6-49A6-BCEA-6624388C98A4}.Release|Any CPU.Build.0 = Release|Any CPU
		{801A0F89-D5F6-49A6-BCEA-6624388C98A4}.Release|x86.ActiveCfg = Release|x86
		{801A0F89-D5F6-49A6-BCEA-6624388C98A4}.Release|x86.Build.0 = Release|x86
		{D22B5797-9F2A-4BA7-9636-6EFCE62EBE00}.Debug|Any CPU.ActiveCfg = Debug|Any CPU
		{D22B5797-9F2A-4BA7-9636-6EFCE62EBE00}.Debug|Any CPU.Build.0 = Debug|Any CPU
		{D22B5797-9F2A-4BA7-9636-6EFCE62EBE00}.Debug|x86.ActiveCfg = Debug|x86
		{D22B5797-9F2A-4BA7-9636-6EFCE62EBE00}.Debug|x86.Build.0 = Debug|x86
		{D22B5797-9F2A-4BA7-9636-6EFCE62EBE00}.Dev2|Any CPU.ActiveCfg = Debug|Any CPU
		{D22B5797-9F2A-4BA7-9636-6EFCE62EBE00}.Dev2|Any CPU.Build.0 = Debug|Any CPU
		{D22B5797-9F2A-4BA7-9636-6EFCE62EBE00}.Dev2|x86.ActiveCfg = Debug|x86
		{D22B5797-9F2A-4BA7-9636-6EFCE62EBE00}.Dev2|x86.Build.0 = Debug|x86
		{D22B5797-9F2A-4BA7-9636-6EFCE62EBE00}.ITE External|Any CPU.ActiveCfg = ITE External|Any CPU
		{D22B5797-9F2A-4BA7-9636-6EFCE62EBE00}.ITE External|Any CPU.Build.0 = ITE External|Any CPU
		{D22B5797-9F2A-4BA7-9636-6EFCE62EBE00}.ITE External|x86.ActiveCfg = ITE External|x86
		{D22B5797-9F2A-4BA7-9636-6EFCE62EBE00}.ITE External|x86.Build.0 = ITE External|x86
		{D22B5797-9F2A-4BA7-9636-6EFCE62EBE00}.ITE|Any CPU.ActiveCfg = ITE|Any CPU
		{D22B5797-9F2A-4BA7-9636-6EFCE62EBE00}.ITE|Any CPU.Build.0 = ITE|Any CPU
		{D22B5797-9F2A-4BA7-9636-6EFCE62EBE00}.ITE|x86.ActiveCfg = ITE|x86
		{D22B5797-9F2A-4BA7-9636-6EFCE62EBE00}.ITE|x86.Build.0 = ITE|x86
		{D22B5797-9F2A-4BA7-9636-6EFCE62EBE00}.Release|Any CPU.ActiveCfg = Release|Any CPU
		{D22B5797-9F2A-4BA7-9636-6EFCE62EBE00}.Release|Any CPU.Build.0 = Release|Any CPU
		{D22B5797-9F2A-4BA7-9636-6EFCE62EBE00}.Release|x86.ActiveCfg = Release|x86
		{D22B5797-9F2A-4BA7-9636-6EFCE62EBE00}.Release|x86.Build.0 = Release|x86
		{3E28FF36-6CE6-433A-A485-360296BEA39D}.Debug|Any CPU.ActiveCfg = Debug|Any CPU
		{3E28FF36-6CE6-433A-A485-360296BEA39D}.Debug|Any CPU.Build.0 = Debug|Any CPU
		{3E28FF36-6CE6-433A-A485-360296BEA39D}.Debug|x86.ActiveCfg = Debug|x86
		{3E28FF36-6CE6-433A-A485-360296BEA39D}.Debug|x86.Build.0 = Debug|x86
		{3E28FF36-6CE6-433A-A485-360296BEA39D}.Dev2|Any CPU.ActiveCfg = Debug|Any CPU
		{3E28FF36-6CE6-433A-A485-360296BEA39D}.Dev2|Any CPU.Build.0 = Debug|Any CPU
		{3E28FF36-6CE6-433A-A485-360296BEA39D}.Dev2|x86.ActiveCfg = Debug|x86
		{3E28FF36-6CE6-433A-A485-360296BEA39D}.Dev2|x86.Build.0 = Debug|x86
		{3E28FF36-6CE6-433A-A485-360296BEA39D}.ITE External|Any CPU.ActiveCfg = ITE External|Any CPU
		{3E28FF36-6CE6-433A-A485-360296BEA39D}.ITE External|Any CPU.Build.0 = ITE External|Any CPU
		{3E28FF36-6CE6-433A-A485-360296BEA39D}.ITE External|x86.ActiveCfg = ITE External|x86
		{3E28FF36-6CE6-433A-A485-360296BEA39D}.ITE External|x86.Build.0 = ITE External|x86
		{3E28FF36-6CE6-433A-A485-360296BEA39D}.ITE|Any CPU.ActiveCfg = ITE|Any CPU
		{3E28FF36-6CE6-433A-A485-360296BEA39D}.ITE|Any CPU.Build.0 = ITE|Any CPU
		{3E28FF36-6CE6-433A-A485-360296BEA39D}.ITE|x86.ActiveCfg = ITE|x86
		{3E28FF36-6CE6-433A-A485-360296BEA39D}.ITE|x86.Build.0 = ITE|x86
		{3E28FF36-6CE6-433A-A485-360296BEA39D}.Release|Any CPU.ActiveCfg = Release|Any CPU
		{3E28FF36-6CE6-433A-A485-360296BEA39D}.Release|Any CPU.Build.0 = Release|Any CPU
		{3E28FF36-6CE6-433A-A485-360296BEA39D}.Release|x86.ActiveCfg = Release|x86
		{3E28FF36-6CE6-433A-A485-360296BEA39D}.Release|x86.Build.0 = Release|x86
		{A86FEC05-4CDE-4A9A-8771-1F0884608E0C}.Debug|Any CPU.ActiveCfg = Debug|Any CPU
		{A86FEC05-4CDE-4A9A-8771-1F0884608E0C}.Debug|Any CPU.Build.0 = Debug|Any CPU
		{A86FEC05-4CDE-4A9A-8771-1F0884608E0C}.Debug|x86.ActiveCfg = Debug|x86
		{A86FEC05-4CDE-4A9A-8771-1F0884608E0C}.Debug|x86.Build.0 = Debug|x86
		{A86FEC05-4CDE-4A9A-8771-1F0884608E0C}.Dev2|Any CPU.ActiveCfg = Dev2|Any CPU
		{A86FEC05-4CDE-4A9A-8771-1F0884608E0C}.Dev2|Any CPU.Build.0 = Dev2|Any CPU
		{A86FEC05-4CDE-4A9A-8771-1F0884608E0C}.Dev2|x86.ActiveCfg = Dev2|x86
		{A86FEC05-4CDE-4A9A-8771-1F0884608E0C}.Dev2|x86.Build.0 = Dev2|x86
		{A86FEC05-4CDE-4A9A-8771-1F0884608E0C}.ITE External|Any CPU.ActiveCfg = ITE|Any CPU
		{A86FEC05-4CDE-4A9A-8771-1F0884608E0C}.ITE External|Any CPU.Build.0 = ITE|Any CPU
		{A86FEC05-4CDE-4A9A-8771-1F0884608E0C}.ITE External|x86.ActiveCfg = ITE|x86
		{A86FEC05-4CDE-4A9A-8771-1F0884608E0C}.ITE External|x86.Build.0 = ITE|x86
		{A86FEC05-4CDE-4A9A-8771-1F0884608E0C}.ITE|Any CPU.ActiveCfg = ITE|Any CPU
		{A86FEC05-4CDE-4A9A-8771-1F0884608E0C}.ITE|Any CPU.Build.0 = ITE|Any CPU
		{A86FEC05-4CDE-4A9A-8771-1F0884608E0C}.ITE|x86.ActiveCfg = ITE|x86
		{A86FEC05-4CDE-4A9A-8771-1F0884608E0C}.ITE|x86.Build.0 = ITE|x86
		{A86FEC05-4CDE-4A9A-8771-1F0884608E0C}.Release|Any CPU.ActiveCfg = Release|Any CPU
		{A86FEC05-4CDE-4A9A-8771-1F0884608E0C}.Release|Any CPU.Build.0 = Release|Any CPU
		{A86FEC05-4CDE-4A9A-8771-1F0884608E0C}.Release|x86.ActiveCfg = Release|x86
		{A86FEC05-4CDE-4A9A-8771-1F0884608E0C}.Release|x86.Build.0 = Release|x86
	EndGlobalSection
	GlobalSection(SolutionProperties) = preSolution
		HideSolutionNode = FALSE
	EndGlobalSection
EndGlobal
